
Microsoft Visual Studio Solution File, Format Version 12.00
# Visual Studio Version 17
VisualStudioVersion = 17.3.32922.545
MinimumVisualStudioVersion = 10.0.40219.1
Project("{FAE04EC0-301F-11D3-BF4B-00C04F79EFBC}") = "RazorRestaurant_Course", "RazorRestaurant_Course.csproj", "{C34DD88D-DA04-4C9D-B824-5A64E81C95FD}"
EndProject
Global
	GlobalSection(SolutionConfigurationPlatforms) = preSolution
		Debug|Any CPU = Debug|Any CPU
		Release|Any CPU = Release|Any CPU
	EndGlobalSection
	GlobalSection(ProjectConfigurationPlatforms) = postSolution
		{C34DD88D-DA04-4C9D-B824-5A64E81C95FD}.Debug|Any CPU.ActiveCfg = Debug|Any CPU
		{C34DD88D-DA04-4C9D-B824-5A64E81C95FD}.Debug|Any CPU.Build.0 = Debug|Any CPU
		{C34DD88D-DA04-4C9D-B824-5A64E81C95FD}.Release|Any CPU.ActiveCfg = Release|Any CPU
		{C34DD88D-DA04-4C9D-B824-5A64E81C95FD}.Release|Any CPU.Build.0 = Release|Any CPU
	EndGlobalSection
	GlobalSection(SolutionProperties) = preSolution
		HideSolutionNode = FALSE
	EndGlobalSection
	GlobalSection(ExtensibilityGlobals) = postSolution
		SolutionGuid = {B1426A9C-FE45-481F-A23F-12E3FA848B9C}
	EndGlobalSection
EndGlobal
